
Microsoft Visual Studio Solution File, Format Version 12.00
# Visual Studio Version 17
VisualStudioVersion = 17.1.32228.430
MinimumVisualStudioVersion = 10.0.40219.1
Project("{FAE04EC0-301F-11D3-BF4B-00C04F79EFBC}") = "tp_web", "tp_web\tp_web.csproj", "{BD2AA37F-BC79-4511-A828-53B02E80A48E}"
EndProject
Global
	GlobalSection(SolutionConfigurationPlatforms) = preSolution
		Debug|Any CPU = Debug|Any CPU
		Release|Any CPU = Release|Any CPU
	EndGlobalSection
	GlobalSection(ProjectConfigurationPlatforms) = postSolution
		{BD2AA37F-BC79-4511-A828-53B02E80A48E}.Debug|Any CPU.ActiveCfg = Debug|Any CPU
		{BD2AA37F-BC79-4511-A828-53B02E80A48E}.Debug|Any CPU.Build.0 = Debug|Any CPU
		{BD2AA37F-BC79-4511-A828-53B02E80A48E}.Release|Any CPU.ActiveCfg = Release|Any CPU
		{BD2AA37F-BC79-4511-A828-53B02E80A48E}.Release|Any CPU.Build.0 = Release|Any CPU
	EndGlobalSection
	GlobalSection(SolutionProperties) = preSolution
		HideSolutionNode = FALSE
	EndGlobalSection
	GlobalSection(ExtensibilityGlobals) = postSolution
		SolutionGuid = {4054D6DE-1864-4EFD-9EF0-DCD37C955734}
	EndGlobalSection
EndGlobal
